{
    "name": "@auto.pro/webview",
    "version": "9.0.8",
    "lockfileVersion": 1,
    "requires": true,
    "dependencies": {
        "uuid-js": {
            "version": "0.7.5",
            "resolved": "https://registry.npmjs.org/uuid-js/-/uuid-js-0.7.5.tgz",
            "integrity": "sha1-bIhtAqU9LUDc8l2RoXC0p7JblNA="
        }
    }
}
